
Microsoft Visual Studio Solution File, Format Version 12.00
# Visual Studio Version 16
VisualStudioVersion = 16.0.31005.135
MinimumVisualStudioVersion = 10.0.40219.1
Project("{9A19103F-16F7-4668-BE54-9A1E7A4F7556}") = "WpfViewerDemo", "WpfViewerDemo\WpfViewerDemo.csproj", "{EDBD6DC5-2A54-4AE4-8071-E5BB535A3895}"
EndProject
Project("{9A19103F-16F7-4668-BE54-9A1E7A4F7556}") = "Core", "Core\Core.csproj", "{297DFFAD-0E9A-4E0E-9EB8-22A3EFDD1AB6}"
EndProject
Project("{9A19103F-16F7-4668-BE54-9A1E7A4F7556}") = "DicomImageSupport", "DicomImageSupport\DicomImageSupport.csproj", "{7CE70B00-B8B9-4891-A61D-1BD35B7B55DC}"
EndProject
Project("{9A19103F-16F7-4668-BE54-9A1E7A4F7556}") = "GeneralImageSupport", "GeneralImageSupport\GeneralImageSupport.csproj", "{E424D98B-05EE-44C0-A294-3A26D429B870}"
EndProject
Project("{9A19103F-16F7-4668-BE54-9A1E7A4F7556}") = "WPFUserControl", "WPFUserControl\WPFUserControl.csproj", "{551DDDC4-3D3E-44B3-B0D1-F0B02BBD972A}"
EndProject
Project("{9A19103F-16F7-4668-BE54-9A1E7A4F7556}") = "Extensions", "Extensions\Extensions.csproj", "{4AE9310A-525E-46EC-8CE3-6259DA2F75A3}"
EndProject
Global
	GlobalSection(SolutionConfigurationPlatforms) = preSolution
		Debug|x64 = Debug|x64
		Release|x64 = Release|x64
	EndGlobalSection
	GlobalSection(ProjectConfigurationPlatforms) = postSolution
		{EDBD6DC5-2A54-4AE4-8071-E5BB535A3895}.Debug|x64.ActiveCfg = Debug|x64
		{EDBD6DC5-2A54-4AE4-8071-E5BB535A3895}.Debug|x64.Build.0 = Debug|x64
		{EDBD6DC5-2A54-4AE4-8071-E5BB535A3895}.Release|x64.ActiveCfg = Release|x64
		{297DFFAD-0E9A-4E0E-9EB8-22A3EFDD1AB6}.Debug|x64.ActiveCfg = Debug|x64
		{297DFFAD-0E9A-4E0E-9EB8-22A3EFDD1AB6}.Debug|x64.Build.0 = Debug|x64
		{297DFFAD-0E9A-4E0E-9EB8-22A3EFDD1AB6}.Release|x64.ActiveCfg = Release|x64
		{7CE70B00-B8B9-4891-A61D-1BD35B7B55DC}.Debug|x64.ActiveCfg = Debug|x64
		{7CE70B00-B8B9-4891-A61D-1BD35B7B55DC}.Debug|x64.Build.0 = Debug|x64
		{7CE70B00-B8B9-4891-A61D-1BD35B7B55DC}.Release|x64.ActiveCfg = Release|x64
		{E424D98B-05EE-44C0-A294-3A26D429B870}.Debug|x64.ActiveCfg = Debug|x64
		{E424D98B-05EE-44C0-A294-3A26D429B870}.Debug|x64.Build.0 = Debug|x64
		{E424D98B-05EE-44C0-A294-3A26D429B870}.Release|x64.ActiveCfg = Release|x64
		{551DDDC4-3D3E-44B3-B0D1-F0B02BBD972A}.Debug|x64.ActiveCfg = Debug|x64
		{551DDDC4-3D3E-44B3-B0D1-F0B02BBD972A}.Debug|x64.Build.0 = Debug|x64
		{551DDDC4-3D3E-44B3-B0D1-F0B02BBD972A}.Release|x64.ActiveCfg = Release|x64
		{4AE9310A-525E-46EC-8CE3-6259DA2F75A3}.Debug|x64.ActiveCfg = Debug|x64
		{4AE9310A-525E-46EC-8CE3-6259DA2F75A3}.Debug|x64.Build.0 = Debug|x64
		{4AE9310A-525E-46EC-8CE3-6259DA2F75A3}.Release|x64.ActiveCfg = Release|x64
	EndGlobalSection
	GlobalSection(SolutionProperties) = preSolution
		HideSolutionNode = FALSE
	EndGlobalSection
	GlobalSection(ExtensibilityGlobals) = postSolution
		SolutionGuid = {FAFA8F93-9D71-4951-B442-31588E2B6671}
	EndGlobalSection
EndGlobal
